<?xml version="1.0" encoding="UTF-8" standalone="yes" ?>
<CodeBlocks_project_file>
	<FileVersion major="1" minor="6" />
	<Project>
		<Option title="GregsLights" />
		<Option pch_mode="2" />
		<Option compiler="gcc" />
		<Build>
			<Target title="Debug">
				<Option output="bin/Debug/GregsLights" prefix_auto="1" extension_auto="1" />
				<Option object_output="obj/Debug/" />
				<Option type="1" />
				<Option compiler="gcc" />
				<Compiler>
					<Add option="-g" />
					<Add option="-DGJH_DEBUG" />
				</Compiler>
				<Linker>
					<Add option="-pthread" />
				</Linker>
			</Target>
			<Target title="Release">
				<Option output="bin/Release/GregsLights" prefix_auto="1" extension_auto="1" />
				<Option object_output="obj/Release/" />
				<Option type="1" />
				<Option compiler="gcc" />
				<Compiler>
					<Add option="-O2" />
					<Add option="-pthread" />
				</Compiler>
				<Linker>
					<Add option="-s" />
					<Add option="-pthread" />
				</Linker>
			</Target>
		</Build>
		<Compiler>
			<Add option="-Wall" />
			<Add option="-fexceptions" />
		</Compiler>
		<Unit filename="include/Bulb.h" />
		<Unit filename="include/Bush.h" />
		<Unit filename="include/DisplayModel.h" />
		<Unit filename="include/DisplayTester.h" />
		<Unit filename="include/DummyPixal.h" />
		<Unit filename="include/LORNetwork.h" />
		<Unit filename="include/LightNetwork.h" />
		<Unit filename="include/NetworkCollection.h" />
		<Unit filename="include/OpenDMXNetwork.h" />
		<Unit filename="include/RGBLight.h" />
		<Unit filename="include/serial.h" />
		<Unit filename="main.cpp" />
		<Unit filename="src/Bulb.cpp" />
		<Unit filename="src/Bush.cpp" />
		<Unit filename="src/DisplayModel.cpp" />
		<Unit filename="src/DisplayTester.cpp" />
		<Unit filename="src/DummyPixal.cpp" />
		<Unit filename="src/LORNetwork.cpp" />
		<Unit filename="src/NetworkCollection.cpp" />
		<Unit filename="src/OpenDMXNetwork.cpp" />
		<Unit filename="src/RGBLight.cpp" />
		<Unit filename="src/serial_posix.cpp" />
		<Extensions>
			<code_completion />
			<debugger />
		</Extensions>
	</Project>
</CodeBlocks_project_file>
