<?xml version="1.0" encoding="UTF-8" standalone="yes" ?>
<CodeBlocks_project_file>
	<FileVersion major="1" minor="6" />
	<Project>
		<Option title="GregsLights" />
		<Option pch_mode="2" />
		<Option compiler="gcc" />
		<Build>
			<Target title="Debug">
				<Option output="bin/Debug/GregsLights" prefix_auto="1" extension_auto="1" />
				<Option object_output="obj/Debug/" />
				<Option type="1" />
				<Option compiler="gcc" />
				<Compiler>
					<Add option="-g" />
					<Add option="-DGJH_DEBUG" />
					<Add directory="include" />
					<Add directory="include/controller" />
				</Compiler>
			</Target>
			<Target title="Release">
				<Option output="bin/Release/GregsLights" prefix_auto="1" extension_auto="1" />
				<Option object_output="obj/Release/" />
				<Option type="1" />
				<Option compiler="gcc" />
				<Compiler>
					<Add option="-O2" />
					<Add directory="include" />
					<Add directory="include/controller" />
				</Compiler>
				<Linker>
					<Add option="-s" />
				</Linker>
			</Target>
			<Target title="Graphics">
				<Option output="GregsLights" prefix_auto="1" extension_auto="1" />
				<Option type="0" />
				<Option compiler="gcc" />
				<Compiler>
					<Add option="-std=c++11" />
					<Add option="`wx-config --cflags`" />
					<Add directory="include/controller" />
					<Add directory="include" />
				</Compiler>
				<Linker>
					<Add option="-lGL -lGLU" />
					<Add option="`wx-config  --libs std,media,gl`" />
				</Linker>
			</Target>
		</Build>
		<Compiler>
			<Add option="-std=c++0x" />
			<Add option="-Wall" />
			<Add option="-fexceptions" />
			<Add option="-Wno-write-strings" />
			<Add option="-pthread" />
		</Compiler>
		<Linker>
			<Add option="-pthread" />
			<Add option="-lncurses" />
			<Add library="rt" />
		</Linker>
		<Unit filename="include/CountdownClock.h" />
		<Unit filename="include/DisplayModel.h" />
		<Unit filename="include/DisplayTester.h" />
		<Unit filename="include/GregsDisplay.h" />
		<Unit filename="include/Sign.h" />
		<Unit filename="include/Snowmen.h" />
		<Unit filename="include/TextDisplay.h" />
		<Unit filename="include/controller/Bulb.h" />
		<Unit filename="include/controller/Bush.h" />
		<Unit filename="include/controller/DMXBulb.h" />
		<Unit filename="include/controller/DummyBulb.h" />
		<Unit filename="include/controller/E131Network.h" />
		<Unit filename="include/controller/LORNetwork.h" />
		<Unit filename="include/controller/LightNetwork.h" />
		<Unit filename="include/controller/NetworkCollection.h" />
		<Unit filename="include/controller/OpenDMXNetwork.h" />
		<Unit filename="include/controller/RGBLight.h" />
		<Unit filename="include/controller/serial.h" />
		<Unit filename="include/graphics.h">
			<Option target="Graphics" />
		</Unit>
		<Unit filename="main.cpp">
			<Option target="Debug" />
			<Option target="Release" />
		</Unit>
		<Unit filename="mainFrame.cpp">
			<Option target="Graphics" />
		</Unit>
		<Unit filename="src/CountdownClock.cpp" />
		<Unit filename="src/DisplayModel.cpp" />
		<Unit filename="src/DisplayTester.cpp" />
		<Unit filename="src/GregsDisplay.cpp" />
		<Unit filename="src/Sign.cpp" />
		<Unit filename="src/Snowmen.cpp" />
		<Unit filename="src/TextDisplay.cpp" />
		<Unit filename="src/controller/Bulb.cpp" />
		<Unit filename="src/controller/Bush.cpp" />
		<Unit filename="src/controller/DMXBulb.cpp" />
		<Unit filename="src/controller/DummyBulb.cpp" />
		<Unit filename="src/controller/E131Network.cpp" />
		<Unit filename="src/controller/LORNetwork.cpp" />
		<Unit filename="src/controller/NetworkCollection.cpp" />
		<Unit filename="src/controller/OpenDMXNetwork.cpp" />
		<Unit filename="src/controller/RGBLight.cpp" />
		<Unit filename="src/controller/serial_posix.cpp" />
		<Extensions>
			<code_completion />
			<debugger />
		</Extensions>
	</Project>
</CodeBlocks_project_file>
